<?xml version="1.0" encoding="utf-8"?>
<Project ToolsVersion="4.0" xmlns="http://schemas.microsoft.com/developer/msbuild/2003">
  <ItemGroup>
    <Filter Include="core">
      <UniqueIdentifier>{0dca5a1e-fa60-42ce-ae14-b905c4d6c552}</UniqueIdentifier>
    </Filter>
    <Filter Include="core\jemalloc">
      <UniqueIdentifier>{5ca4f466-3701-4153-afc8-d24a150e23f2}</UniqueIdentifier>
    </Filter>
    <Filter Include="platform">
      <UniqueIdentifier>{272ad0c6-e2ac-42fd-bc2e-55c3376c84dd}</UniqueIdentifier>
    </Filter>
    <Filter Include="utils">
      <UniqueIdentifier>{f4686bdd-fa44-4798-b870-d65adae855bb}</UniqueIdentifier>
    </Filter>
    <Filter Include="xml">
      <UniqueIdentifier>{f75bf35f-18ff-4414-86b7-e99f1274147a}</UniqueIdentifier>
    </Filter>
  </ItemGroup>
  <ItemGroup>
    <ClCompile Include="core\allocator.c">
      <Filter>core</Filter>
    </ClCompile>
    <ClCompile Include="core\allocatorJEMalloc.c">
      <Filter>core</Filter>
    </ClCompile>
    <ClCompile Include="core\allocatorTests.cpp">
      <Filter>core</Filter>
    </ClCompile>
    <ClCompile Include="core\assert.c">
      <Filter>core</Filter>
    </ClCompile>
    <ClCompile Include="core\log.c">
      <Filter>core</Filter>
    </ClCompile>
    <ClCompile Include="core\logTests.cpp">
      <Filter>core</Filter>
    </ClCompile>
    <ClCompile Include="core\performance.cpp">
      <Filter>core</Filter>
    </ClCompile>
    <ClCompile Include="core\stringTable.c">
      <Filter>core</Filter>
    </ClCompile>
    <ClCompile Include="core\stringTableTests.cpp">
      <Filter>core</Filter>
    </ClCompile>
    <ClCompile Include="core\jemalloc\jemalloc.c">
      <Filter>core\jemalloc</Filter>
    </ClCompile>
    <ClCompile Include="platform\platformError.cpp">
      <Filter>platform</Filter>
    </ClCompile>
    <ClCompile Include="platform\platformFile.c">
      <Filter>platform</Filter>
    </ClCompile>
    <ClCompile Include="platform\platformFileAndroid.cpp">
      <Filter>platform</Filter>
    </ClCompile>
    <ClCompile Include="platform\platformIO.c">
      <Filter>platform</Filter>
    </ClCompile>
    <ClCompile Include="platform\platformNetwork.c">
      <Filter>platform</Filter>
    </ClCompile>
    <ClCompile Include="platform\platformNetworkTests.cpp">
      <Filter>platform</Filter>
    </ClCompile>
    <ClCompile Include="platform\platformThread.c">
      <Filter>platform</Filter>
    </ClCompile>
    <ClCompile Include="platform\platformThreadTests.cpp">
      <Filter>platform</Filter>
    </ClCompile>
    <ClCompile Include="platform\platformTime.c">
      <Filter>platform</Filter>
    </ClCompile>
    <ClCompile Include="utils\utBase64.cpp">
      <Filter>utils</Filter>
    </ClCompile>
    <ClCompile Include="utils\utByteArray.cpp">
      <Filter>utils</Filter>
    </ClCompile>
    <ClCompile Include="utils\utRandom.cpp">
      <Filter>utils</Filter>
    </ClCompile>
    <ClCompile Include="utils\utSHA2.cpp">
      <Filter>utils</Filter>
    </ClCompile>
    <ClCompile Include="utils\utStreams.cpp">
      <Filter>utils</Filter>
    </ClCompile>
    <ClCompile Include="utils\utString.cpp">
      <Filter>utils</Filter>
    </ClCompile>
    <ClCompile Include="xml\tinyxml2.cpp">
      <Filter>xml</Filter>
    </ClCompile>
  </ItemGroup>
  <ItemGroup>
    <ClInclude Include="core\allocator.h">
      <Filter>core</Filter>
    </ClInclude>
    <ClInclude Include="core\allocatorJEMalloc.h">
      <Filter>core</Filter>
    </ClInclude>
    <ClInclude Include="core\assert.h">
      <Filter>core</Filter>
    </ClInclude>
    <ClInclude Include="core\log.h">
      <Filter>core</Filter>
    </ClInclude>
    <ClInclude Include="core\performance.h">
      <Filter>core</Filter>
    </ClInclude>
    <ClInclude Include="core\stringTable.h">
      <Filter>core</Filter>
    </ClInclude>
    <ClInclude Include="core\jemalloc\jemalloc.h">
      <Filter>core\jemalloc</Filter>
    </ClInclude>
    <ClInclude Include="core\jemalloc\ql.h">
      <Filter>core\jemalloc</Filter>
    </ClInclude>
    <ClInclude Include="core\jemalloc\qr.h">
      <Filter>core\jemalloc</Filter>
    </ClInclude>
    <ClInclude Include="core\jemalloc\rb.h">
      <Filter>core\jemalloc</Filter>
    </ClInclude>
    <ClInclude Include="platform\platform.h">
      <Filter>platform</Filter>
    </ClInclude>
    <ClInclude Include="platform\platformFile.h">
      <Filter>platform</Filter>
    </ClInclude>
    <ClInclude Include="platform\platformFileAndroid.h">
      <Filter>platform</Filter>
    </ClInclude>
    <ClInclude Include="platform\platformFileIOS.h">
      <Filter>platform</Filter>
    </ClInclude>
    <ClInclude Include="platform\platformIO.h">
      <Filter>platform</Filter>
    </ClInclude>
    <ClInclude Include="platform\platformNetwork.h">
      <Filter>platform</Filter>
    </ClInclude>
    <ClInclude Include="platform\platformThread.h">
      <Filter>platform</Filter>
    </ClInclude>
    <ClInclude Include="platform\platformTime.h">
      <Filter>platform</Filter>
    </ClInclude>
    <ClInclude Include="utils\fourcc.h">
      <Filter>utils</Filter>
    </ClInclude>
    <ClInclude Include="utils\utAssert.h">
      <Filter>utils</Filter>
    </ClInclude>
    <ClInclude Include="utils\utBase64.h">
      <Filter>utils</Filter>
    </ClInclude>
    <ClInclude Include="utils\utByteArray.h">
      <Filter>utils</Filter>
    </ClInclude>
    <ClInclude Include="utils\utCommon.h">
      <Filter>utils</Filter>
    </ClInclude>
    <ClInclude Include="utils\utEndian.h">
      <Filter>utils</Filter>
    </ClInclude>
    <ClInclude Include="utils\utMemoryPool.h">
      <Filter>utils</Filter>
    </ClInclude>
    <ClInclude Include="utils\utRandom.h">
      <Filter>utils</Filter>
    </ClInclude>
    <ClInclude Include="utils\utSHA2.h">
      <Filter>utils</Filter>
    </ClInclude>
    <ClInclude Include="utils\utSingleton.h">
      <Filter>utils</Filter>
    </ClInclude>
    <ClInclude Include="utils\utStreams.h">
      <Filter>utils</Filter>
    </ClInclude>
    <ClInclude Include="utils\utString.h">
      <Filter>utils</Filter>
    </ClInclude>
    <ClInclude Include="utils\utTypes.h">
      <Filter>utils</Filter>
    </ClInclude>
    <ClInclude Include="xml\tinyxml2.h">
      <Filter>xml</Filter>
    </ClInclude>
  </ItemGroup>
  <ItemGroup>
    <None Include="platform\platformFileIOS.m">
      <Filter>platform</Filter>
    </None>
  </ItemGroup>
</Project>